
Microsoft Visual Studio Solution File, Format Version 12.00
# Visual Studio Version 16
VisualStudioVersion = 16.0.30907.101
MinimumVisualStudioVersion = 10.0.40219.1
Project("{9A19103F-16F7-4668-BE54-9A1E7A4F7556}") = "FigmaAltseed", "FigmaAltseed\FigmaAltseed.csproj", "{55F63990-E31D-4AD0-BE15-BE222353F0DA}"
EndProject
Project("{2150E333-8FDC-42A3-9474-1A3956D46DE8}") = "Solution Items", "Solution Items", "{06C99470-F0E8-4AC0-8621-377869F40410}"
	ProjectSection(SolutionItems) = preProject
		..\Documents\memo.txt = ..\Documents\memo.txt
	EndProjectSection
EndProject
Project("{2150E333-8FDC-42A3-9474-1A3956D46DE8}") = "Modules", "Modules", "{0AD088A0-BD21-4C1C-8C75-A7E97159E299}"
EndProject
Project("{9A19103F-16F7-4668-BE54-9A1E7A4F7556}") = "FigmaSharp.Views", "..\Modules\FigmaSharp\FigmaSharp.Views\FigmaSharp.Views\FigmaSharp.Views.csproj", "{905C65C9-D377-459A-844B-CA9FE7D313B8}"
EndProject
Project("{9A19103F-16F7-4668-BE54-9A1E7A4F7556}") = "FigmaSharp", "..\Modules\FigmaSharp\FigmaSharp\FigmaSharp\FigmaSharp.csproj", "{CA41D986-27A3-42D4-B54C-3CEE39B5EFF8}"
EndProject
Project("{9A19103F-16F7-4668-BE54-9A1E7A4F7556}") = "FigmaAltseed.Common", "FigmaAltseed.Common\FigmaAltseed.Common.csproj", "{2F0D2F5D-CE63-4D76-B4A7-8D5405F288B8}"
EndProject
Project("{9A19103F-16F7-4668-BE54-9A1E7A4F7556}") = "Deptorygen", "..\Modules\Deptorygen\Source\Deptorygen\Deptorygen.csproj", "{BE2A13B2-3AB5-41C7-A254-785A921FA370}"
EndProject
Project("{9A19103F-16F7-4668-BE54-9A1E7A4F7556}") = "Deptorygen.Annotations", "..\Modules\Deptorygen\Source\Deptorygen.Annotations\Deptorygen.Annotations.csproj", "{C584136C-2C08-4C6C-867F-703D97AFEEE1}"
EndProject
Project("{9A19103F-16F7-4668-BE54-9A1E7A4F7556}") = "Deptorygen.GenericHost", "..\Modules\Deptorygen\Source\Deptorygen.GenericHost\Deptorygen.GenericHost.csproj", "{0F9739F7-FCF3-4F34-BE5F-29EE7941CB65}"
EndProject
Global
	GlobalSection(SolutionConfigurationPlatforms) = preSolution
		Debug|Any CPU = Debug|Any CPU
		Release|Any CPU = Release|Any CPU
	EndGlobalSection
	GlobalSection(ProjectConfigurationPlatforms) = postSolution
		{55F63990-E31D-4AD0-BE15-BE222353F0DA}.Debug|Any CPU.ActiveCfg = Debug|Any CPU
		{55F63990-E31D-4AD0-BE15-BE222353F0DA}.Debug|Any CPU.Build.0 = Debug|Any CPU
		{55F63990-E31D-4AD0-BE15-BE222353F0DA}.Release|Any CPU.ActiveCfg = Release|Any CPU
		{55F63990-E31D-4AD0-BE15-BE222353F0DA}.Release|Any CPU.Build.0 = Release|Any CPU
		{905C65C9-D377-459A-844B-CA9FE7D313B8}.Debug|Any CPU.ActiveCfg = Debug|Any CPU
		{905C65C9-D377-459A-844B-CA9FE7D313B8}.Debug|Any CPU.Build.0 = Debug|Any CPU
		{905C65C9-D377-459A-844B-CA9FE7D313B8}.Release|Any CPU.ActiveCfg = Release|Any CPU
		{905C65C9-D377-459A-844B-CA9FE7D313B8}.Release|Any CPU.Build.0 = Release|Any CPU
		{CA41D986-27A3-42D4-B54C-3CEE39B5EFF8}.Debug|Any CPU.ActiveCfg = Debug|Any CPU
		{CA41D986-27A3-42D4-B54C-3CEE39B5EFF8}.Debug|Any CPU.Build.0 = Debug|Any CPU
		{CA41D986-27A3-42D4-B54C-3CEE39B5EFF8}.Release|Any CPU.ActiveCfg = Release|Any CPU
		{CA41D986-27A3-42D4-B54C-3CEE39B5EFF8}.Release|Any CPU.Build.0 = Release|Any CPU
		{2F0D2F5D-CE63-4D76-B4A7-8D5405F288B8}.Debug|Any CPU.ActiveCfg = Debug|Any CPU
		{2F0D2F5D-CE63-4D76-B4A7-8D5405F288B8}.Debug|Any CPU.Build.0 = Debug|Any CPU
		{2F0D2F5D-CE63-4D76-B4A7-8D5405F288B8}.Release|Any CPU.ActiveCfg = Release|Any CPU
		{2F0D2F5D-CE63-4D76-B4A7-8D5405F288B8}.Release|Any CPU.Build.0 = Release|Any CPU
		{BE2A13B2-3AB5-41C7-A254-785A921FA370}.Debug|Any CPU.ActiveCfg = Debug|Any CPU
		{BE2A13B2-3AB5-41C7-A254-785A921FA370}.Debug|Any CPU.Build.0 = Debug|Any CPU
		{BE2A13B2-3AB5-41C7-A254-785A921FA370}.Release|Any CPU.ActiveCfg = Release|Any CPU
		{BE2A13B2-3AB5-41C7-A254-785A921FA370}.Release|Any CPU.Build.0 = Release|Any CPU
		{C584136C-2C08-4C6C-867F-703D97AFEEE1}.Debug|Any CPU.ActiveCfg = Debug|Any CPU
		{C584136C-2C08-4C6C-867F-703D97AFEEE1}.Debug|Any CPU.Build.0 = Debug|Any CPU
		{C584136C-2C08-4C6C-867F-703D97AFEEE1}.Release|Any CPU.ActiveCfg = Release|Any CPU
		{C584136C-2C08-4C6C-867F-703D97AFEEE1}.Release|Any CPU.Build.0 = Release|Any CPU
		{0F9739F7-FCF3-4F34-BE5F-29EE7941CB65}.Debug|Any CPU.ActiveCfg = Debug|Any CPU
		{0F9739F7-FCF3-4F34-BE5F-29EE7941CB65}.Debug|Any CPU.Build.0 = Debug|Any CPU
		{0F9739F7-FCF3-4F34-BE5F-29EE7941CB65}.Release|Any CPU.ActiveCfg = Release|Any CPU
		{0F9739F7-FCF3-4F34-BE5F-29EE7941CB65}.Release|Any CPU.Build.0 = Release|Any CPU
	EndGlobalSection
	GlobalSection(SolutionProperties) = preSolution
		HideSolutionNode = FALSE
	EndGlobalSection
	GlobalSection(NestedProjects) = preSolution
		{905C65C9-D377-459A-844B-CA9FE7D313B8} = {0AD088A0-BD21-4C1C-8C75-A7E97159E299}
		{CA41D986-27A3-42D4-B54C-3CEE39B5EFF8} = {0AD088A0-BD21-4C1C-8C75-A7E97159E299}
		{BE2A13B2-3AB5-41C7-A254-785A921FA370} = {0AD088A0-BD21-4C1C-8C75-A7E97159E299}
		{C584136C-2C08-4C6C-867F-703D97AFEEE1} = {0AD088A0-BD21-4C1C-8C75-A7E97159E299}
		{0F9739F7-FCF3-4F34-BE5F-29EE7941CB65} = {0AD088A0-BD21-4C1C-8C75-A7E97159E299}
	EndGlobalSection
	GlobalSection(ExtensibilityGlobals) = postSolution
		SolutionGuid = {A218CFF3-9E61-4FC2-BACE-1252ED8E7C57}
	EndGlobalSection
EndGlobal
