
Microsoft Visual Studio Solution File, Format Version 12.00
# Visual Studio Version 17
VisualStudioVersion = 17.0.32014.148
MinimumVisualStudioVersion = 10.0.40219.1
Project("{2150E333-8FDC-42A3-9474-1A3956D46DE8}") = "Solution Items", "Solution Items", "{06C99470-F0E8-4AC0-8621-377869F40410}"
	ProjectSection(SolutionItems) = preProject
		..\Documents\memo.txt = ..\Documents\memo.txt
	EndProjectSection
EndProject
Project("{2150E333-8FDC-42A3-9474-1A3956D46DE8}") = "Modules", "Modules", "{0AD088A0-BD21-4C1C-8C75-A7E97159E299}"
EndProject
Project("{9A19103F-16F7-4668-BE54-9A1E7A4F7556}") = "FigmaSharp.Views", "..\Modules\FigmaSharp\FigmaSharp.Views\FigmaSharp.Views\FigmaSharp.Views.csproj", "{905C65C9-D377-459A-844B-CA9FE7D313B8}"
EndProject
Project("{9A19103F-16F7-4668-BE54-9A1E7A4F7556}") = "FigmaSharp", "..\Modules\FigmaSharp\FigmaSharp\FigmaSharp\FigmaSharp.csproj", "{CA41D986-27A3-42D4-B54C-3CEE39B5EFF8}"
EndProject
Project("{9A19103F-16F7-4668-BE54-9A1E7A4F7556}") = "ViskVectorRenderer", "ViskVectorRenderer\ViskVectorRenderer.csproj", "{4B23EB4D-C4A0-4752-90B8-D555C3AE0397}"
EndProject
Project("{9A19103F-16F7-4668-BE54-9A1E7A4F7556}") = "FigmaVisk", "FigmaVisk\FigmaVisk.csproj", "{B11E2849-722D-43C0-B697-8A0C409D1E15}"
EndProject
Project("{9A19103F-16F7-4668-BE54-9A1E7A4F7556}") = "ViskAltseed2.Packer", "ViskAltseed2.Packer\ViskAltseed2.Packer.csproj", "{92F216C6-A433-496E-8BD9-1BD1950A2284}"
EndProject
Project("{9A19103F-16F7-4668-BE54-9A1E7A4F7556}") = "Visklusa.JsonAltseed", "Visklusa.JsonAltseed\Visklusa.JsonAltseed.csproj", "{D48F6B66-5F51-4151-BA8F-D7F513642C40}"
EndProject
Project("{2150E333-8FDC-42A3-9474-1A3956D46DE8}") = "FigmaConverter", "FigmaConverter", "{E84EDA20-A46B-4A46-BA38-67E7007EC677}"
EndProject
Project("{9A19103F-16F7-4668-BE54-9A1E7A4F7556}") = "FigmaVisk.Capability", "FigmaVisk.Capability\FigmaVisk.Capability.csproj", "{39368B50-418F-4886-BC7B-33ECE79C406C}"
EndProject
Project("{9A19103F-16F7-4668-BE54-9A1E7A4F7556}") = "ViskAltseed2", "ViskAltseed2\ViskAltseed2.csproj", "{1291477C-FA8B-4F6B-B901-D0BA6624A246}"
EndProject
Global
	GlobalSection(SolutionConfigurationPlatforms) = preSolution
		Debug|Any CPU = Debug|Any CPU
		Release|Any CPU = Release|Any CPU
	EndGlobalSection
	GlobalSection(ProjectConfigurationPlatforms) = postSolution
		{905C65C9-D377-459A-844B-CA9FE7D313B8}.Debug|Any CPU.ActiveCfg = Debug|Any CPU
		{905C65C9-D377-459A-844B-CA9FE7D313B8}.Debug|Any CPU.Build.0 = Debug|Any CPU
		{905C65C9-D377-459A-844B-CA9FE7D313B8}.Release|Any CPU.ActiveCfg = Release|Any CPU
		{905C65C9-D377-459A-844B-CA9FE7D313B8}.Release|Any CPU.Build.0 = Release|Any CPU
		{CA41D986-27A3-42D4-B54C-3CEE39B5EFF8}.Debug|Any CPU.ActiveCfg = Debug|Any CPU
		{CA41D986-27A3-42D4-B54C-3CEE39B5EFF8}.Debug|Any CPU.Build.0 = Debug|Any CPU
		{CA41D986-27A3-42D4-B54C-3CEE39B5EFF8}.Release|Any CPU.ActiveCfg = Release|Any CPU
		{CA41D986-27A3-42D4-B54C-3CEE39B5EFF8}.Release|Any CPU.Build.0 = Release|Any CPU
		{4B23EB4D-C4A0-4752-90B8-D555C3AE0397}.Debug|Any CPU.ActiveCfg = Debug|Any CPU
		{4B23EB4D-C4A0-4752-90B8-D555C3AE0397}.Debug|Any CPU.Build.0 = Debug|Any CPU
		{4B23EB4D-C4A0-4752-90B8-D555C3AE0397}.Release|Any CPU.ActiveCfg = Release|Any CPU
		{4B23EB4D-C4A0-4752-90B8-D555C3AE0397}.Release|Any CPU.Build.0 = Release|Any CPU
		{B11E2849-722D-43C0-B697-8A0C409D1E15}.Debug|Any CPU.ActiveCfg = Debug|Any CPU
		{B11E2849-722D-43C0-B697-8A0C409D1E15}.Debug|Any CPU.Build.0 = Debug|Any CPU
		{B11E2849-722D-43C0-B697-8A0C409D1E15}.Release|Any CPU.ActiveCfg = Release|Any CPU
		{B11E2849-722D-43C0-B697-8A0C409D1E15}.Release|Any CPU.Build.0 = Release|Any CPU
		{92F216C6-A433-496E-8BD9-1BD1950A2284}.Debug|Any CPU.ActiveCfg = Debug|Any CPU
		{92F216C6-A433-496E-8BD9-1BD1950A2284}.Debug|Any CPU.Build.0 = Debug|Any CPU
		{92F216C6-A433-496E-8BD9-1BD1950A2284}.Release|Any CPU.ActiveCfg = Release|Any CPU
		{92F216C6-A433-496E-8BD9-1BD1950A2284}.Release|Any CPU.Build.0 = Release|Any CPU
		{D48F6B66-5F51-4151-BA8F-D7F513642C40}.Debug|Any CPU.ActiveCfg = Debug|Any CPU
		{D48F6B66-5F51-4151-BA8F-D7F513642C40}.Debug|Any CPU.Build.0 = Debug|Any CPU
		{D48F6B66-5F51-4151-BA8F-D7F513642C40}.Release|Any CPU.ActiveCfg = Release|Any CPU
		{D48F6B66-5F51-4151-BA8F-D7F513642C40}.Release|Any CPU.Build.0 = Release|Any CPU
		{39368B50-418F-4886-BC7B-33ECE79C406C}.Debug|Any CPU.ActiveCfg = Debug|Any CPU
		{39368B50-418F-4886-BC7B-33ECE79C406C}.Debug|Any CPU.Build.0 = Debug|Any CPU
		{39368B50-418F-4886-BC7B-33ECE79C406C}.Release|Any CPU.ActiveCfg = Release|Any CPU
		{39368B50-418F-4886-BC7B-33ECE79C406C}.Release|Any CPU.Build.0 = Release|Any CPU
		{1291477C-FA8B-4F6B-B901-D0BA6624A246}.Debug|Any CPU.ActiveCfg = Debug|Any CPU
		{1291477C-FA8B-4F6B-B901-D0BA6624A246}.Debug|Any CPU.Build.0 = Debug|Any CPU
		{1291477C-FA8B-4F6B-B901-D0BA6624A246}.Release|Any CPU.ActiveCfg = Release|Any CPU
		{1291477C-FA8B-4F6B-B901-D0BA6624A246}.Release|Any CPU.Build.0 = Release|Any CPU
	EndGlobalSection
	GlobalSection(SolutionProperties) = preSolution
		HideSolutionNode = FALSE
	EndGlobalSection
	GlobalSection(NestedProjects) = preSolution
		{905C65C9-D377-459A-844B-CA9FE7D313B8} = {0AD088A0-BD21-4C1C-8C75-A7E97159E299}
		{CA41D986-27A3-42D4-B54C-3CEE39B5EFF8} = {0AD088A0-BD21-4C1C-8C75-A7E97159E299}
		{4B23EB4D-C4A0-4752-90B8-D555C3AE0397} = {E84EDA20-A46B-4A46-BA38-67E7007EC677}
		{B11E2849-722D-43C0-B697-8A0C409D1E15} = {E84EDA20-A46B-4A46-BA38-67E7007EC677}
		{92F216C6-A433-496E-8BD9-1BD1950A2284} = {E84EDA20-A46B-4A46-BA38-67E7007EC677}
		{D48F6B66-5F51-4151-BA8F-D7F513642C40} = {E84EDA20-A46B-4A46-BA38-67E7007EC677}
		{39368B50-418F-4886-BC7B-33ECE79C406C} = {E84EDA20-A46B-4A46-BA38-67E7007EC677}
	EndGlobalSection
	GlobalSection(ExtensibilityGlobals) = postSolution
		SolutionGuid = {A218CFF3-9E61-4FC2-BACE-1252ED8E7C57}
	EndGlobalSection
EndGlobal
